
Microsoft Visual Studio Solution File, Format Version 11.00
# Visual Studio 2010
Project("{FAE04EC0-301F-11D3-BF4B-00C04F79EFBC}") = "Assembly-CSharp", "Assembly-CSharp.csproj", "{CD90AD6C-37D6-642D-D1CB-84F215EAC99D}"
EndProject
Global
	GlobalSection(SolutionConfigurationPlatforms) = preSolution
		Debug|Any CPU = Debug|Any CPU
		Release|Any CPU = Release|Any CPU
	EndGlobalSection
	GlobalSection(ProjectConfigurationPlatforms) = postSolution
		{CD90AD6C-37D6-642D-D1CB-84F215EAC99D}.Debug|Any CPU.ActiveCfg = Debug|Any CPU
		{CD90AD6C-37D6-642D-D1CB-84F215EAC99D}.Debug|Any CPU.Build.0 = Debug|Any CPU
		{CD90AD6C-37D6-642D-D1CB-84F215EAC99D}.Release|Any CPU.ActiveCfg = Release|Any CPU
		{CD90AD6C-37D6-642D-D1CB-84F215EAC99D}.Release|Any CPU.Build.0 = Release|Any CPU
	EndGlobalSection
	GlobalSection(SolutionProperties) = preSolution
		HideSolutionNode = FALSE
	EndGlobalSection
EndGlobal
